
Microsoft Visual Studio Solution File, Format Version 12.00
# Visual Studio Version 16
VisualStudioVersion = 16.0.29505.145
MinimumVisualStudioVersion = 10.0.40219.1
Project("{6EC3EE1D-3C4E-46DD-8F32-0CC8E7565705}") = "Client", "src\Client\Client.fsproj", "{6C91BEBD-6C09-4A58-9BFC-973372BAD4FE}"
EndProject
Project("{6EC3EE1D-3C4E-46DD-8F32-0CC8E7565705}") = "Hosted", "src\Hosted\Hosted.fsproj", "{C4BC7A61-3EB6-48D3-92DF-28CAF4997B92}"
EndProject
Project("{6EC3EE1D-3C4E-46DD-8F32-0CC8E7565705}") = "Website", "src\Website\Website.fsproj", "{30CC8824-A610-4C33-962F-ED88339B25B3}"
	ProjectSection(ProjectDependencies) = postProject
		{C4BC7A61-3EB6-48D3-92DF-28CAF4997B92} = {C4BC7A61-3EB6-48D3-92DF-28CAF4997B92}
	EndProjectSection
EndProject
Global
	GlobalSection(SolutionConfigurationPlatforms) = preSolution
		Debug|Any CPU = Debug|Any CPU
		Release|Any CPU = Release|Any CPU
	EndGlobalSection
	GlobalSection(ProjectConfigurationPlatforms) = postSolution
		{6C91BEBD-6C09-4A58-9BFC-973372BAD4FE}.Debug|Any CPU.ActiveCfg = Debug|Any CPU
		{6C91BEBD-6C09-4A58-9BFC-973372BAD4FE}.Debug|Any CPU.Build.0 = Debug|Any CPU
		{6C91BEBD-6C09-4A58-9BFC-973372BAD4FE}.Release|Any CPU.ActiveCfg = Release|Any CPU
		{6C91BEBD-6C09-4A58-9BFC-973372BAD4FE}.Release|Any CPU.Build.0 = Release|Any CPU
		{C4BC7A61-3EB6-48D3-92DF-28CAF4997B92}.Debug|Any CPU.ActiveCfg = Debug|Any CPU
		{C4BC7A61-3EB6-48D3-92DF-28CAF4997B92}.Debug|Any CPU.Build.0 = Debug|Any CPU
		{C4BC7A61-3EB6-48D3-92DF-28CAF4997B92}.Release|Any CPU.ActiveCfg = Release|Any CPU
		{C4BC7A61-3EB6-48D3-92DF-28CAF4997B92}.Release|Any CPU.Build.0 = Release|Any CPU
		{30CC8824-A610-4C33-962F-ED88339B25B3}.Debug|Any CPU.ActiveCfg = Debug|Any CPU
		{30CC8824-A610-4C33-962F-ED88339B25B3}.Debug|Any CPU.Build.0 = Debug|Any CPU
		{30CC8824-A610-4C33-962F-ED88339B25B3}.Release|Any CPU.ActiveCfg = Release|Any CPU
		{30CC8824-A610-4C33-962F-ED88339B25B3}.Release|Any CPU.Build.0 = Release|Any CPU
	EndGlobalSection
	GlobalSection(SolutionProperties) = preSolution
		HideSolutionNode = FALSE
	EndGlobalSection
	GlobalSection(ExtensibilityGlobals) = postSolution
		SolutionGuid = {2E5F8FBA-051B-4667-B121-44AB04B992C7}
	EndGlobalSection
EndGlobal
